// !$*UTF8*$!
{
	archiveVersion = 1;
	classes = {
	};
	objectVersion = 56;
	objects = {

/* Begin PBXBuildFile section */
		FC6F385E2D381A5300C40320 /* TheOneApp.swift in Sources */ = {isa = PBXBuildFile; fileRef = FC6F385D2D381A5300C40320 /* TheOneApp.swift */; };
		FC6F38602D381A5300C40320 /* AuthorisationView.swift in Sources */ = {isa = PBXBuildFile; fileRef = FC6F385F2D381A5300C40320 /* AuthorisationView.swift */; };
		FC6F38622D381A5400C40320 /* Assets.xcassets in Resources */ = {isa = PBXBuildFile; fileRef = FC6F38612D381A5400C40320 /* Assets.xcassets */; };
		FC6F38652D381A5400C40320 /* Preview Assets.xcassets in Resources */ = {isa = PBXBuildFile; fileRef = FC6F38642D381A5400C40320 /* Preview Assets.xcassets */; };
		FC6F38672D381A5400C40320 /* Persistence.swift in Sources */ = {isa = PBXBuildFile; fileRef = FC6F38662D381A5400C40320 /* Persistence.swift */; };
		FC6F386A2D381A5400C40320 /* TheOne.xcdatamodeld in Sources */ = {isa = PBXBuildFile; fileRef = FC6F38682D381A5400C40320 /* TheOne.xcdatamodeld */; };
		FC6F38742D381A5400C40320 /* TheOneTests.swift in Sources */ = {isa = PBXBuildFile; fileRef = FC6F38732D381A5400C40320 /* TheOneTests.swift */; };
		FC6F387E2D381A5500C40320 /* TheOneUITests.swift in Sources */ = {isa = PBXBuildFile; fileRef = FC6F387D2D381A5500C40320 /* TheOneUITests.swift */; };
		FC6F38802D381A5500C40320 /* TheOneUITestsLaunchTests.swift in Sources */ = {isa = PBXBuildFile; fileRef = FC6F387F2D381A5500C40320 /* TheOneUITestsLaunchTests.swift */; };
		FCB4B5832D3968BA00FD310E /* DAColors.swift in Sources */ = {isa = PBXBuildFile; fileRef = FCB4B5822D3968BA00FD310E /* DAColors.swift */; };
		FCB4B5862D396EE800FD310E /* DASegmentControl.swift in Sources */ = {isa = PBXBuildFile; fileRef = FCB4B5852D396EE800FD310E /* DASegmentControl.swift */; };
		FCB4B5882D3970B600FD310E /* DAFont.swift in Sources */ = {isa = PBXBuildFile; fileRef = FCB4B5872D3970B600FD310E /* DAFont.swift */; };
/* End PBXBuildFile section */

/* Begin PBXContainerItemProxy section */
		FC6F38702D381A5400C40320 /* PBXContainerItemProxy */ = {
			isa = PBXContainerItemProxy;
			containerPortal = FC6F38522D381A5300C40320 /* Project object */;
			proxyType = 1;
			remoteGlobalIDString = FC6F38592D381A5300C40320;
			remoteInfo = TheOne;
		};
		FC6F387A2D381A5500C40320 /* PBXContainerItemProxy */ = {
			isa = PBXContainerItemProxy;
			containerPortal = FC6F38522D381A5300C40320 /* Project object */;
			proxyType = 1;
			remoteGlobalIDString = FC6F38592D381A5300C40320;
			remoteInfo = TheOne;
		};
/* End PBXContainerItemProxy section */

/* Begin PBXFileReference section */
		FC6F385A2D381A5300C40320 /* TheOne.app */ = {isa = PBXFileReference; explicitFileType = wrapper.application; includeInIndex = 0; path = TheOne.app; sourceTree = BUILT_PRODUCTS_DIR; };
		FC6F385D2D381A5300C40320 /* TheOneApp.swift */ = {isa = PBXFileReference; lastKnownFileType = sourcecode.swift; path = TheOneApp.swift; sourceTree = "<group>"; };
		FC6F385F2D381A5300C40320 /* AuthorisationView.swift */ = {isa = PBXFileReference; lastKnownFileType = sourcecode.swift; path = AuthorisationView.swift; sourceTree = "<group>"; };
		FC6F38612D381A5400C40320 /* Assets.xcassets */ = {isa = PBXFileReference; lastKnownFileType = folder.assetcatalog; path = Assets.xcassets; sourceTree = "<group>"; };
		FC6F38642D381A5400C40320 /* Preview Assets.xcassets */ = {isa = PBXFileReference; lastKnownFileType = folder.assetcatalog; path = "Preview Assets.xcassets"; sourceTree = "<group>"; };
		FC6F38662D381A5400C40320 /* Persistence.swift */ = {isa = PBXFileReference; lastKnownFileType = sourcecode.swift; path = Persistence.swift; sourceTree = "<group>"; };
		FC6F38692D381A5400C40320 /* TheOne.xcdatamodel */ = {isa = PBXFileReference; lastKnownFileType = wrapper.xcdatamodel; path = TheOne.xcdatamodel; sourceTree = "<group>"; };
		FC6F386F2D381A5400C40320 /* TheOneTests.xctest */ = {isa = PBXFileReference; explicitFileType = wrapper.cfbundle; includeInIndex = 0; path = TheOneTests.xctest; sourceTree = BUILT_PRODUCTS_DIR; };
		FC6F38732D381A5400C40320 /* TheOneTests.swift */ = {isa = PBXFileReference; lastKnownFileType = sourcecode.swift; path = TheOneTests.swift; sourceTree = "<group>"; };
		FC6F38792D381A5500C40320 /* TheOneUITests.xctest */ = {isa = PBXFileReference; explicitFileType = wrapper.cfbundle; includeInIndex = 0; path = TheOneUITests.xctest; sourceTree = BUILT_PRODUCTS_DIR; };
		FC6F387D2D381A5500C40320 /* TheOneUITests.swift */ = {isa = PBXFileReference; lastKnownFileType = sourcecode.swift; path = TheOneUITests.swift; sourceTree = "<group>"; };
		FC6F387F2D381A5500C40320 /* TheOneUITestsLaunchTests.swift */ = {isa = PBXFileReference; lastKnownFileType = sourcecode.swift; path = TheOneUITestsLaunchTests.swift; sourceTree = "<group>"; };
		FCB4B5822D3968BA00FD310E /* DAColors.swift */ = {isa = PBXFileReference; fileEncoding = 4; lastKnownFileType = sourcecode.swift; name = DAColors.swift; path = ../../TheOne_/TheOne/DAColors.swift; sourceTree = "<group>"; };
		FCB4B5852D396EE800FD310E /* DASegmentControl.swift */ = {isa = PBXFileReference; lastKnownFileType = sourcecode.swift; path = DASegmentControl.swift; sourceTree = "<group>"; };
		FCB4B5872D3970B600FD310E /* DAFont.swift */ = {isa = PBXFileReference; lastKnownFileType = sourcecode.swift; path = DAFont.swift; sourceTree = "<group>"; };
/* End PBXFileReference section */

/* Begin PBXFrameworksBuildPhase section */
		FC6F38572D381A5300C40320 /* Frameworks */ = {
			isa = PBXFrameworksBuildPhase;
			buildActionMask = 2147483647;
			files = (
			);
			runOnlyForDeploymentPostprocessing = 0;
		};
		FC6F386C2D381A5400C40320 /* Frameworks */ = {
			isa = PBXFrameworksBuildPhase;
			buildActionMask = 2147483647;
			files = (
			);
			runOnlyForDeploymentPostprocessing = 0;
		};
		FC6F38762D381A5400C40320 /* Frameworks */ = {
			isa = PBXFrameworksBuildPhase;
			buildActionMask = 2147483647;
			files = (
			);
			runOnlyForDeploymentPostprocessing = 0;
		};
/* End PBXFrameworksBuildPhase section */

/* Begin PBXGroup section */
		FC6F38512D381A5300C40320 = {
			isa = PBXGroup;
			children = (
				FC6F385C2D381A5300C40320 /* TheOne */,
				FC6F38722D381A5400C40320 /* TheOneTests */,
				FC6F387C2D381A5500C40320 /* TheOneUITests */,
				FC6F385B2D381A5300C40320 /* Products */,
			);
			sourceTree = "<group>";
		};
		FC6F385B2D381A5300C40320 /* Products */ = {
			isa = PBXGroup;
			children = (
				FC6F385A2D381A5300C40320 /* TheOne.app */,
				FC6F386F2D381A5400C40320 /* TheOneTests.xctest */,
				FC6F38792D381A5500C40320 /* TheOneUITests.xctest */,
			);
			name = Products;
			sourceTree = "<group>";
		};
		FC6F385C2D381A5300C40320 /* TheOne */ = {
			isa = PBXGroup;
			children = (
				FCB4B5842D396E8A00FD310E /* UIComponents */,
				FC6F385D2D381A5300C40320 /* TheOneApp.swift */,
				FC6F385F2D381A5300C40320 /* AuthorisationView.swift */,
				FCB4B5822D3968BA00FD310E /* DAColors.swift */,
				FC6F38612D381A5400C40320 /* Assets.xcassets */,
				FC6F38662D381A5400C40320 /* Persistence.swift */,
				FC6F38682D381A5400C40320 /* TheOne.xcdatamodeld */,
				FC6F38632D381A5400C40320 /* Preview Content */,
				FCB4B5872D3970B600FD310E /* DAFont.swift */,
			);
			path = TheOne;
			sourceTree = "<group>";
		};
		FC6F38632D381A5400C40320 /* Preview Content */ = {
			isa = PBXGroup;
			children = (
				FC6F38642D381A5400C40320 /* Preview Assets.xcassets */,
			);
			path = "Preview Content";
			sourceTree = "<group>";
		};
		FC6F38722D381A5400C40320 /* TheOneTests */ = {
			isa = PBXGroup;
			children = (
				FC6F38732D381A5400C40320 /* TheOneTests.swift */,
			);
			path = TheOneTests;
			sourceTree = "<group>";
		};
		FC6F387C2D381A5500C40320 /* TheOneUITests */ = {
			isa = PBXGroup;
			children = (
				FC6F387D2D381A5500C40320 /* TheOneUITests.swift */,
				FC6F387F2D381A5500C40320 /* TheOneUITestsLaunchTests.swift */,
			);
			path = TheOneUITests;
			sourceTree = "<group>";
		};
		FCB4B5842D396E8A00FD310E /* UIComponents */ = {
			isa = PBXGroup;
			children = (
				FCB4B5852D396EE800FD310E /* DASegmentControl.swift */,
			);
			path = UIComponents;
			sourceTree = "<group>";
		};
/* End PBXGroup section */

/* Begin PBXNativeTarget section */
		FC6F38592D381A5300C40320 /* TheOne */ = {
			isa = PBXNativeTarget;
			buildConfigurationList = FC6F38832D381A5500C40320 /* Build configuration list for PBXNativeTarget "TheOne" */;
			buildPhases = (
				FC6F38562D381A5300C40320 /* Sources */,
				FC6F38572D381A5300C40320 /* Frameworks */,
				FC6F38582D381A5300C40320 /* Resources */,
			);
			buildRules = (
			);
			dependencies = (
			);
			name = TheOne;
			productName = TheOne;
			productReference = FC6F385A2D381A5300C40320 /* TheOne.app */;
			productType = "com.apple.product-type.application";
		};
		FC6F386E2D381A5400C40320 /* TheOneTests */ = {
			isa = PBXNativeTarget;
			buildConfigurationList = FC6F38862D381A5500C40320 /* Build configuration list for PBXNativeTarget "TheOneTests" */;
			buildPhases = (
				FC6F386B2D381A5400C40320 /* Sources */,
				FC6F386C2D381A5400C40320 /* Frameworks */,
				FC6F386D2D381A5400C40320 /* Resources */,
			);
			buildRules = (
			);
			dependencies = (
				FC6F38712D381A5400C40320 /* PBXTargetDependency */,
			);
			name = TheOneTests;
			productName = TheOneTests;
			productReference = FC6F386F2D381A5400C40320 /* TheOneTests.xctest */;
			productType = "com.apple.product-type.bundle.unit-test";
		};
		FC6F38782D381A5400C40320 /* TheOneUITests */ = {
			isa = PBXNativeTarget;
			buildConfigurationList = FC6F38892D381A5500C40320 /* Build configuration list for PBXNativeTarget "TheOneUITests" */;
			buildPhases = (
				FC6F38752D381A5400C40320 /* Sources */,
				FC6F38762D381A5400C40320 /* Frameworks */,
				FC6F38772D381A5400C40320 /* Resources */,
			);
			buildRules = (
			);
			dependencies = (
				FC6F387B2D381A5500C40320 /* PBXTargetDependency */,
			);
			name = TheOneUITests;
			productName = TheOneUITests;
			productReference = FC6F38792D381A5500C40320 /* TheOneUITests.xctest */;
			productType = "com.apple.product-type.bundle.ui-testing";
		};
/* End PBXNativeTarget section */

/* Begin PBXProject section */
		FC6F38522D381A5300C40320 /* Project object */ = {
			isa = PBXProject;
			attributes = {
				BuildIndependentTargetsInParallel = 1;
				LastSwiftUpdateCheck = 1430;
				LastUpgradeCheck = 1430;
				TargetAttributes = {
					FC6F38592D381A5300C40320 = {
						CreatedOnToolsVersion = 14.3;
					};
					FC6F386E2D381A5400C40320 = {
						CreatedOnToolsVersion = 14.3;
						TestTargetID = FC6F38592D381A5300C40320;
					};
					FC6F38782D381A5400C40320 = {
						CreatedOnToolsVersion = 14.3;
						TestTargetID = FC6F38592D381A5300C40320;
					};
				};
			};
			buildConfigurationList = FC6F38552D381A5300C40320 /* Build configuration list for PBXProject "TheOne" */;
			compatibilityVersion = "Xcode 14.0";
			developmentRegion = en;
			hasScannedForEncodings = 0;
			knownRegions = (
				en,
				Base,
			);
			mainGroup = FC6F38512D381A5300C40320;
			productRefGroup = FC6F385B2D381A5300C40320 /* Products */;
			projectDirPath = "";
			projectRoot = "";
			targets = (
				FC6F38592D381A5300C40320 /* TheOne */,
				FC6F386E2D381A5400C40320 /* TheOneTests */,
				FC6F38782D381A5400C40320 /* TheOneUITests */,
			);
		};
/* End PBXProject section */

/* Begin PBXResourcesBuildPhase section */
		FC6F38582D381A5300C40320 /* Resources */ = {
			isa = PBXResourcesBuildPhase;
			buildActionMask = 2147483647;
			files = (
				FC6F38652D381A5400C40320 /* Preview Assets.xcassets in Resources */,
				FC6F38622D381A5400C40320 /* Assets.xcassets in Resources */,
			);
			runOnlyForDeploymentPostprocessing = 0;
		};
		FC6F386D2D381A5400C40320 /* Resources */ = {
			isa = PBXResourcesBuildPhase;
			buildActionMask = 2147483647;
			files = (
			);
			runOnlyForDeploymentPostprocessing = 0;
		};
		FC6F38772D381A5400C40320 /* Resources */ = {
			isa = PBXResourcesBuildPhase;
			buildActionMask = 2147483647;
			files = (
			);
			runOnlyForDeploymentPostprocessing = 0;
		};
/* End PBXResourcesBuildPhase section */

/* Begin PBXSourcesBuildPhase section */
		FC6F38562D381A5300C40320 /* Sources */ = {
			isa = PBXSourcesBuildPhase;
			buildActionMask = 2147483647;
			files = (
				FC6F38672D381A5400C40320 /* Persistence.swift in Sources */,
				FC6F38602D381A5300C40320 /* AuthorisationView.swift in Sources */,
				FCB4B5862D396EE800FD310E /* DASegmentControl.swift in Sources */,
				FCB4B5832D3968BA00FD310E /* DAColors.swift in Sources */,
				FCB4B5882D3970B600FD310E /* DAFont.swift in Sources */,
				FC6F386A2D381A5400C40320 /* TheOne.xcdatamodeld in Sources */,
				FC6F385E2D381A5300C40320 /* TheOneApp.swift in Sources */,
			);
			runOnlyForDeploymentPostprocessing = 0;
		};
		FC6F386B2D381A5400C40320 /* Sources */ = {
			isa = PBXSourcesBuildPhase;
			buildActionMask = 2147483647;
			files = (
				FC6F38742D381A5400C40320 /* TheOneTests.swift in Sources */,
			);
			runOnlyForDeploymentPostprocessing = 0;
		};
		FC6F38752D381A5400C40320 /* Sources */ = {
			isa = PBXSourcesBuildPhase;
			buildActionMask = 2147483647;
			files = (
				FC6F387E2D381A5500C40320 /* TheOneUITests.swift in Sources */,
				FC6F38802D381A5500C40320 /* TheOneUITestsLaunchTests.swift in Sources */,
			);
			runOnlyForDeploymentPostprocessing = 0;
		};
/* End PBXSourcesBuildPhase section */

/* Begin PBXTargetDependency section */
		FC6F38712D381A5400C40320 /* PBXTargetDependency */ = {
			isa = PBXTargetDependency;
			target = FC6F38592D381A5300C40320 /* TheOne */;
			targetProxy = FC6F38702D381A5400C40320 /* PBXContainerItemProxy */;
		};
		FC6F387B2D381A5500C40320 /* PBXTargetDependency */ = {
			isa = PBXTargetDependency;
			target = FC6F38592D381A5300C40320 /* TheOne */;
			targetProxy = FC6F387A2D381A5500C40320 /* PBXContainerItemProxy */;
		};
/* End PBXTargetDependency section */

/* Begin XCBuildConfiguration section */
		FC6F38812D381A5500C40320 /* Debug */ = {
			isa = XCBuildConfiguration;
			buildSettings = {
				ALWAYS_SEARCH_USER_PATHS = NO;
				CLANG_ANALYZER_NONNULL = YES;
				CLANG_ANALYZER_NUMBER_OBJECT_CONVERSION = YES_AGGRESSIVE;
				CLANG_CXX_LANGUAGE_STANDARD = "gnu++20";
				CLANG_ENABLE_MODULES = YES;
				CLANG_ENABLE_OBJC_ARC = YES;
				CLANG_ENABLE_OBJC_WEAK = YES;
				CLANG_WARN_BLOCK_CAPTURE_AUTORELEASING = YES;
				CLANG_WARN_BOOL_CONVERSION = YES;
				CLANG_WARN_COMMA = YES;
				CLANG_WARN_CONSTANT_CONVERSION = YES;
				CLANG_WARN_DEPRECATED_OBJC_IMPLEMENTATIONS = YES;
				CLANG_WARN_DIRECT_OBJC_ISA_USAGE = YES_ERROR;
				CLANG_WARN_DOCUMENTATION_COMMENTS = YES;
				CLANG_WARN_EMPTY_BODY = YES;
				CLANG_WARN_ENUM_CONVERSION = YES;
				CLANG_WARN_INFINITE_RECURSION = YES;
				CLANG_WARN_INT_CONVERSION = YES;
				CLANG_WARN_NON_LITERAL_NULL_CONVERSION = YES;
				CLANG_WARN_OBJC_IMPLICIT_RETAIN_SELF = YES;
				CLANG_WARN_OBJC_LITERAL_CONVERSION = YES;
				CLANG_WARN_OBJC_ROOT_CLASS = YES_ERROR;
				CLANG_WARN_QUOTED_INCLUDE_IN_FRAMEWORK_HEADER = YES;
				CLANG_WARN_RANGE_LOOP_ANALYSIS = YES;
				CLANG_WARN_STRICT_PROTOTYPES = YES;
				CLANG_WARN_SUSPICIOUS_MOVE = YES;
				CLANG_WARN_UNGUARDED_AVAILABILITY = YES_AGGRESSIVE;
				CLANG_WARN_UNREACHABLE_CODE = YES;
				CLANG_WARN__DUPLICATE_METHOD_MATCH = YES;
				COPY_PHASE_STRIP = NO;
				DEBUG_INFORMATION_FORMAT = dwarf;
				ENABLE_STRICT_OBJC_MSGSEND = YES;
				ENABLE_TESTABILITY = YES;
				GCC_C_LANGUAGE_STANDARD = gnu11;
				GCC_DYNAMIC_NO_PIC = NO;
				GCC_NO_COMMON_BLOCKS = YES;
				GCC_OPTIMIZATION_LEVEL = 0;
				GCC_PREPROCESSOR_DEFINITIONS = (
					"DEBUG=1",
					"$(inherited)",
				);
				GCC_WARN_64_TO_32_BIT_CONVERSION = YES;
				GCC_WARN_ABOUT_RETURN_TYPE = YES_ERROR;
				GCC_WARN_UNDECLARED_SELECTOR = YES;
				GCC_WARN_UNINITIALIZED_AUTOS = YES_AGGRESSIVE;
				GCC_WARN_UNUSED_FUNCTION = YES;
				GCC_WARN_UNUSED_VARIABLE = YES;
				IPHONEOS_DEPLOYMENT_TARGET = 16.4;
				MTL_ENABLE_DEBUG_INFO = INCLUDE_SOURCE;
				MTL_FAST_MATH = YES;
				ONLY_ACTIVE_ARCH = YES;
				SDKROOT = iphoneos;
				SWIFT_ACTIVE_COMPILATION_CONDITIONS = DEBUG;
				SWIFT_OPTIMIZATION_LEVEL = "-Onone";
			};
			name = Debug;
		};
		FC6F38822D381A5500C40320 /* Release */ = {
			isa = XCBuildConfiguration;
			buildSettings = {
				ALWAYS_SEARCH_USER_PATHS = NO;
				CLANG_ANALYZER_NONNULL = YES;
				CLANG_ANALYZER_NUMBER_OBJECT_CONVERSION = YES_AGGRESSIVE;
				CLANG_CXX_LANGUAGE_STANDARD = "gnu++20";
				CLANG_ENABLE_MODULES = YES;
				CLANG_ENABLE_OBJC_ARC = YES;
				CLANG_ENABLE_OBJC_WEAK = YES;
				CLANG_WARN_BLOCK_CAPTURE_AUTORELEASING = YES;
				CLANG_WARN_BOOL_CONVERSION = YES;
				CLANG_WARN_COMMA = YES;
				CLANG_WARN_CONSTANT_CONVERSION = YES;
				CLANG_WARN_DEPRECATED_OBJC_IMPLEMENTATIONS = YES;
				CLANG_WARN_DIRECT_OBJC_ISA_USAGE = YES_ERROR;
				CLANG_WARN_DOCUMENTATION_COMMENTS = YES;
				CLANG_WARN_EMPTY_BODY = YES;
				CLANG_WARN_ENUM_CONVERSION = YES;
				CLANG_WARN_INFINITE_RECURSION = YES;
				CLANG_WARN_INT_CONVERSION = YES;
				CLANG_WARN_NON_LITERAL_NULL_CONVERSION = YES;
				CLANG_WARN_OBJC_IMPLICIT_RETAIN_SELF = YES;
				CLANG_WARN_OBJC_LITERAL_CONVERSION = YES;
				CLANG_WARN_OBJC_ROOT_CLASS = YES_ERROR;
				CLANG_WARN_QUOTED_INCLUDE_IN_FRAMEWORK_HEADER = YES;
				CLANG_WARN_RANGE_LOOP_ANALYSIS = YES;
				CLANG_WARN_STRICT_PROTOTYPES = YES;
				CLANG_WARN_SUSPICIOUS_MOVE = YES;
				CLANG_WARN_UNGUARDED_AVAILABILITY = YES_AGGRESSIVE;
				CLANG_WARN_UNREACHABLE_CODE = YES;
				CLANG_WARN__DUPLICATE_METHOD_MATCH = YES;
				COPY_PHASE_STRIP = NO;
				DEBUG_INFORMATION_FORMAT = "dwarf-with-dsym";
				ENABLE_NS_ASSERTIONS = NO;
				ENABLE_STRICT_OBJC_MSGSEND = YES;
				GCC_C_LANGUAGE_STANDARD = gnu11;
				GCC_NO_COMMON_BLOCKS = YES;
				GCC_WARN_64_TO_32_BIT_CONVERSION = YES;
				GCC_WARN_ABOUT_RETURN_TYPE = YES_ERROR;
				GCC_WARN_UNDECLARED_SELECTOR = YES;
				GCC_WARN_UNINITIALIZED_AUTOS = YES_AGGRESSIVE;
				GCC_WARN_UNUSED_FUNCTION = YES;
				GCC_WARN_UNUSED_VARIABLE = YES;
				IPHONEOS_DEPLOYMENT_TARGET = 16.4;
				MTL_ENABLE_DEBUG_INFO = NO;
				MTL_FAST_MATH = YES;
				SDKROOT = iphoneos;
				SWIFT_COMPILATION_MODE = wholemodule;
				SWIFT_OPTIMIZATION_LEVEL = "-O";
				VALIDATE_PRODUCT = YES;
			};
			name = Release;
		};
		FC6F38842D381A5500C40320 /* Debug */ = {
			isa = XCBuildConfiguration;
			buildSettings = {
				ASSETCATALOG_COMPILER_APPICON_NAME = AppIcon;
				ASSETCATALOG_COMPILER_GLOBAL_ACCENT_COLOR_NAME = AccentColor;
				CODE_SIGN_STYLE = Automatic;
				CURRENT_PROJECT_VERSION = 1;
				DEVELOPMENT_ASSET_PATHS = "\"TheOne/Preview Content\"";
				ENABLE_PREVIEWS = YES;
				GENERATE_INFOPLIST_FILE = YES;
				INFOPLIST_KEY_UIApplicationSceneManifest_Generation = YES;
				INFOPLIST_KEY_UIApplicationSupportsIndirectInputEvents = YES;
				INFOPLIST_KEY_UILaunchScreen_Generation = YES;
				INFOPLIST_KEY_UISupportedInterfaceOrientations_iPad = "UIInterfaceOrientationPortrait UIInterfaceOrientationPortraitUpsideDown UIInterfaceOrientationLandscapeLeft UIInterfaceOrientationLandscapeRight";
				INFOPLIST_KEY_UISupportedInterfaceOrientations_iPhone = "UIInterfaceOrientationPortrait UIInterfaceOrientationLandscapeLeft UIInterfaceOrientationLandscapeRight";
				LD_RUNPATH_SEARCH_PATHS = (
					"$(inherited)",
					"@executable_path/Frameworks",
				);
				MARKETING_VERSION = 1.0;
				PRODUCT_BUNDLE_IDENTIFIER = MC.TheOne;
				PRODUCT_NAME = "$(TARGET_NAME)";
				SWIFT_EMIT_LOC_STRINGS = YES;
				SWIFT_VERSION = 5.0;
				TARGETED_DEVICE_FAMILY = "1,2";
			};
			name = Debug;
		};
		FC6F38852D381A5500C40320 /* Release */ = {
			isa = XCBuildConfiguration;
			buildSettings = {
				ASSETCATALOG_COMPILER_APPICON_NAME = AppIcon;
				ASSETCATALOG_COMPILER_GLOBAL_ACCENT_COLOR_NAME = AccentColor;
				CODE_SIGN_STYLE = Automatic;
				CURRENT_PROJECT_VERSION = 1;
				DEVELOPMENT_ASSET_PATHS = "\"TheOne/Preview Content\"";
				ENABLE_PREVIEWS = YES;
				GENERATE_INFOPLIST_FILE = YES;
				INFOPLIST_KEY_UIApplicationSceneManifest_Generation = YES;
				INFOPLIST_KEY_UIApplicationSupportsIndirectInputEvents = YES;
				INFOPLIST_KEY_UILaunchScreen_Generation = YES;
				INFOPLIST_KEY_UISupportedInterfaceOrientations_iPad = "UIInterfaceOrientationPortrait UIInterfaceOrientationPortraitUpsideDown UIInterfaceOrientationLandscapeLeft UIInterfaceOrientationLandscapeRight";
				INFOPLIST_KEY_UISupportedInterfaceOrientations_iPhone = "UIInterfaceOrientationPortrait UIInterfaceOrientationLandscapeLeft UIInterfaceOrientationLandscapeRight";
				LD_RUNPATH_SEARCH_PATHS = (
					"$(inherited)",
					"@executable_path/Frameworks",
				);
				MARKETING_VERSION = 1.0;
				PRODUCT_BUNDLE_IDENTIFIER = MC.TheOne;
				PRODUCT_NAME = "$(TARGET_NAME)";
				SWIFT_EMIT_LOC_STRINGS = YES;
				SWIFT_VERSION = 5.0;
				TARGETED_DEVICE_FAMILY = "1,2";
			};
			name = Release;
		};
		FC6F38872D381A5500C40320 /* Debug */ = {
			isa = XCBuildConfiguration;
			buildSettings = {
				ALWAYS_EMBED_SWIFT_STANDARD_LIBRARIES = YES;
				BUNDLE_LOADER = "$(TEST_HOST)";
				CODE_SIGN_STYLE = Automatic;
				CURRENT_PROJECT_VERSION = 1;
				GENERATE_INFOPLIST_FILE = YES;
				IPHONEOS_DEPLOYMENT_TARGET = 16.4;
				MARKETING_VERSION = 1.0;
				PRODUCT_BUNDLE_IDENTIFIER = MC.TheOneTests;
				PRODUCT_NAME = "$(TARGET_NAME)";
				SWIFT_EMIT_LOC_STRINGS = NO;
				SWIFT_VERSION = 5.0;
				TARGETED_DEVICE_FAMILY = "1,2";
				TEST_HOST = "$(BUILT_PRODUCTS_DIR)/TheOne.app/$(BUNDLE_EXECUTABLE_FOLDER_PATH)/TheOne";
			};
			name = Debug;
		};
		FC6F38882D381A5500C40320 /* Release */ = {
			isa = XCBuildConfiguration;
			buildSettings = {
				ALWAYS_EMBED_SWIFT_STANDARD_LIBRARIES = YES;
				BUNDLE_LOADER = "$(TEST_HOST)";
				CODE_SIGN_STYLE = Automatic;
				CURRENT_PROJECT_VERSION = 1;
				GENERATE_INFOPLIST_FILE = YES;
				IPHONEOS_DEPLOYMENT_TARGET = 16.4;
				MARKETING_VERSION = 1.0;
				PRODUCT_BUNDLE_IDENTIFIER = MC.TheOneTests;
				PRODUCT_NAME = "$(TARGET_NAME)";
				SWIFT_EMIT_LOC_STRINGS = NO;
				SWIFT_VERSION = 5.0;
				TARGETED_DEVICE_FAMILY = "1,2";
				TEST_HOST = "$(BUILT_PRODUCTS_DIR)/TheOne.app/$(BUNDLE_EXECUTABLE_FOLDER_PATH)/TheOne";
			};
			name = Release;
		};
		FC6F388A2D381A5500C40320 /* Debug */ = {
			isa = XCBuildConfiguration;
			buildSettings = {
				ALWAYS_EMBED_SWIFT_STANDARD_LIBRARIES = YES;
				CODE_SIGN_STYLE = Automatic;
				CURRENT_PROJECT_VERSION = 1;
				GENERATE_INFOPLIST_FILE = YES;
				MARKETING_VERSION = 1.0;
				PRODUCT_BUNDLE_IDENTIFIER = MC.TheOneUITests;
				PRODUCT_NAME = "$(TARGET_NAME)";
				SWIFT_EMIT_LOC_STRINGS = NO;
				SWIFT_VERSION = 5.0;
				TARGETED_DEVICE_FAMILY = "1,2";
				TEST_TARGET_NAME = TheOne;
			};
			name = Debug;
		};
		FC6F388B2D381A5500C40320 /* Release */ = {
			isa = XCBuildConfiguration;
			buildSettings = {
				ALWAYS_EMBED_SWIFT_STANDARD_LIBRARIES = YES;
				CODE_SIGN_STYLE = Automatic;
				CURRENT_PROJECT_VERSION = 1;
				GENERATE_INFOPLIST_FILE = YES;
				MARKETING_VERSION = 1.0;
				PRODUCT_BUNDLE_IDENTIFIER = MC.TheOneUITests;
				PRODUCT_NAME = "$(TARGET_NAME)";
				SWIFT_EMIT_LOC_STRINGS = NO;
				SWIFT_VERSION = 5.0;
				TARGETED_DEVICE_FAMILY = "1,2";
				TEST_TARGET_NAME = TheOne;
			};
			name = Release;
		};
/* End XCBuildConfiguration section */

/* Begin XCConfigurationList section */
		FC6F38552D381A5300C40320 /* Build configuration list for PBXProject "TheOne" */ = {
			isa = XCConfigurationList;
			buildConfigurations = (
				FC6F38812D381A5500C40320 /* Debug */,
				FC6F38822D381A5500C40320 /* Release */,
			);
			defaultConfigurationIsVisible = 0;
			defaultConfigurationName = Release;
		};
		FC6F38832D381A5500C40320 /* Build configuration list for PBXNativeTarget "TheOne" */ = {
			isa = XCConfigurationList;
			buildConfigurations = (
				FC6F38842D381A5500C40320 /* Debug */,
				FC6F38852D381A5500C40320 /* Release */,
			);
			defaultConfigurationIsVisible = 0;
			defaultConfigurationName = Release;
		};
		FC6F38862D381A5500C40320 /* Build configuration list for PBXNativeTarget "TheOneTests" */ = {
			isa = XCConfigurationList;
			buildConfigurations = (
				FC6F38872D381A5500C40320 /* Debug */,
				FC6F38882D381A5500C40320 /* Release */,
			);
			defaultConfigurationIsVisible = 0;
			defaultConfigurationName = Release;
		};
		FC6F38892D381A5500C40320 /* Build configuration list for PBXNativeTarget "TheOneUITests" */ = {
			isa = XCConfigurationList;
			buildConfigurations = (
				FC6F388A2D381A5500C40320 /* Debug */,
				FC6F388B2D381A5500C40320 /* Release */,
			);
			defaultConfigurationIsVisible = 0;
			defaultConfigurationName = Release;
		};
/* End XCConfigurationList section */

/* Begin XCVersionGroup section */
		FC6F38682D381A5400C40320 /* TheOne.xcdatamodeld */ = {
			isa = XCVersionGroup;
			children = (
				FC6F38692D381A5400C40320 /* TheOne.xcdatamodel */,
			);
			currentVersion = FC6F38692D381A5400C40320 /* TheOne.xcdatamodel */;
			path = TheOne.xcdatamodeld;
			sourceTree = "<group>";
			versionGroupType = wrapper.xcdatamodel;
		};
/* End XCVersionGroup section */
	};
	rootObject = FC6F38522D381A5300C40320 /* Project object */;
}
